{"is_source_file": false, "format": "", "description": "", "external_files": [], "external_methods": [], "published": [], "classes": [], "methods": [], "calls": [], "search-terms": [], "state": 2, "file_id": 18, "knowledge_revision": 38, "git_revision": "71b4be2ceb53e78ba660cacbfb67c7d9d06ce49e", "hash": "e9b4c3b42cef0193b7fddb548d37e652", "format-version": 4, "code-base-name": "default", "filename": "tic_tac_toe_game/post_process_status.lock", "revision_history": [{"38": "71b4be2ceb53e78ba660cacbfb67c7d9d06ce49e"}]}